{
  "object": {
    "pins": [
      {
        "package": "Console",
        "repositoryURL": "https://github.com/vapor/console.git",
        "state": {
          "branch": null,
          "revision": "d6cf07af59ae63cd95c4b5f98cf1f25627750fd1",
          "version": "3.1.0"
        }
      },
      {
        "package": "Core",
        "repositoryURL": "https://github.com/vapor/core.git",
        "state": {
          "branch": null,
          "revision": "96ce86ebf9198328795c4b9cb711489460be083c",
          "version": "3.4.4"
        }
      },
      {
        "package": "Crypto",
        "repositoryURL": "https://github.com/vapor/crypto.git",
        "state": {
          "branch": null,
          "revision": "5605334590affd4785a5839806b4504407e054ac",
          "version": "3.3.0"
        }
      },
      {
        "package": "DatabaseKit",
        "repositoryURL": "https://github.com/vapor/database-kit.git",
        "state": {
          "branch": null,
          "revision": "3a17dbbe9be5f8c37703e4b7982c1332ad6b00c4",
          "version": "1.3.1"
        }
      },
      {
        "package": "Fluent",
        "repositoryURL": "https://github.com/vapor/fluent.git",
        "state": {
          "branch": null,
          "revision": "00b81a9362549facb8e2ac93b17d2a78599fce3b",
          "version": "3.1.2"
        }
      },
      {
        "package": "FluentPostgreSQL",
        "repositoryURL": "https://github.com/vapor/fluent-postgresql.git",
        "state": {
          "branch": null,
          "revision": "8e3eb9d24d54ac58c8d04c194ad6b24f0b1b667e",
          "version": "1.0.0"
        }
      },
      {
        "package": "PostgreSQL",
        "repositoryURL": "https://github.com/vapor/postgresql.git",
        "state": {
          "branch": null,
          "revision": "975cc8b3471966a7986e1ffac4db4bac26d6db86",
          "version": "1.1.2"
        }
      },
      {
        "package": "Rainbow",
        "repositoryURL": "https://github.com/onevcat/Rainbow",
        "state": {
          "branch": null,
          "revision": "797a68d0a642609424b08f11eb56974a54d5f6e2",
          "version": "3.1.4"
        }
      },
      {
        "package": "Service",
        "repositoryURL": "https://github.com/vapor/service.git",
        "state": {
          "branch": null,
          "revision": "281a70b69783891900be31a9e70051b6fe19e146",
          "version": "1.0.0"
        }
      },
      {
        "package": "SQL",
        "repositoryURL": "https://github.com/vapor/sql.git",
        "state": {
          "branch": null,
          "revision": "839cf96eba296d26151ff1d7a746e9fe35053584",
          "version": "2.2.0"
        }
      },
      {
        "package": "swift-nio",
        "repositoryURL": "https://github.com/apple/swift-nio.git",
        "state": {
          "branch": null,
          "revision": "a20e129c22ad00a51c902dca54a5456f90664780",
          "version": "1.12.0"
        }
      },
      {
        "package": "swift-nio-ssl",
        "repositoryURL": "https://github.com/apple/swift-nio-ssl.git",
        "state": {
          "branch": null,
          "revision": "db16c3a90b101bb53b26a58867a344ad428072e0",
          "version": "1.3.2"
        }
      },
      {
        "package": "swift-nio-ssl-support",
        "repositoryURL": "https://github.com/apple/swift-nio-ssl-support.git",
        "state": {
          "branch": null,
          "revision": "c02eec4e0e6d351cd092938cf44195a8e669f555",
          "version": "1.0.0"
        }
      },
      {
        "package": "swift-nio-zlib-support",
        "repositoryURL": "https://github.com/apple/swift-nio-zlib-support.git",
        "state": {
          "branch": null,
          "revision": "37760e9a52030bb9011972c5213c3350fa9d41fd",
          "version": "1.0.0"
        }
      }
    ]
  },
  "version": 1
}
